
Microsoft Visual Studio Solution File, Format Version 12.00
# Visual Studio 15
VisualStudioVersion = 15.0.27703.2042
MinimumVisualStudioVersion = 10.0.40219.1
Project("{151D2E53-A2C4-4D7D-83FE-D05416EBD58E}") = "sqldatabase-with-keyvault", "sqldb-save-in-keyvault\sqldatabase-with-keyvault.deployproj", "{836AC56A-351E-42E2-BF5F-F80B9285D7EC}"
EndProject
Global
	GlobalSection(SolutionConfigurationPlatforms) = preSolution
		Debug|Any CPU = Debug|Any CPU
		Release|Any CPU = Release|Any CPU
	EndGlobalSection
	GlobalSection(ProjectConfigurationPlatforms) = postSolution
		{836AC56A-351E-42E2-BF5F-F80B9285D7EC}.Debug|Any CPU.ActiveCfg = Debug|Any CPU
		{836AC56A-351E-42E2-BF5F-F80B9285D7EC}.Debug|Any CPU.Build.0 = Debug|Any CPU
		{836AC56A-351E-42E2-BF5F-F80B9285D7EC}.Release|Any CPU.ActiveCfg = Release|Any CPU
		{836AC56A-351E-42E2-BF5F-F80B9285D7EC}.Release|Any CPU.Build.0 = Release|Any CPU
	EndGlobalSection
	GlobalSection(SolutionProperties) = preSolution
		HideSolutionNode = FALSE
	EndGlobalSection
	GlobalSection(ExtensibilityGlobals) = postSolution
		SolutionGuid = {5DE4729D-39FD-4C0F-AA83-A7D092D2423C}
	EndGlobalSection
EndGlobal
